# generated by rye
# use `rye lock` or `rye sync` to update this lockfile
#
# last locked with the following flags:
#   pre: false
#   features: []
#   all-features: true
#   with-sources: false
#   generate-hashes: false
#   universal: false

-e file:.
aiohappyeyeballs==2.3.4
    # via aiohttp
aiohttp==3.10.0
    # via datasets
    # via fsspec
aiosignal==1.3.1
    # via aiohttp
annotated-types==0.7.0
    # via pydantic
arrow==1.3.0
    # via isoduration
async-timeout==4.0.3
    # via aiohttp
attrs==23.2.0
    # via aiohttp
    # via jsonschema
    # via referencing
babel==2.15.0
    # via mkdocs-material
backports-strenum==1.3.1
    # via griffe
beautifulsoup4==4.12.3
    # via gdown
bitsandbytes==0.43.3
    # via refiners
black==24.4.2
    # via refiners
boto3==1.34.152
    # via neptune
botocore==1.34.152
    # via boto3
    # via s3transfer
bravado==11.0.3
    # via neptune
bravado-core==6.1.1
    # via bravado
certifi==2024.7.4
    # via requests
    # via sentry-sdk
charset-normalizer==3.3.2
    # via requests
click==8.1.7
    # via black
    # via mkdocs
    # via mkdocstrings
    # via neptune
    # via wandb
colorama==0.4.6
    # via griffe
    # via mkdocs-material
datasets==2.20.0
    # via refiners
diffusers==0.29.2
    # via refiners
dill==0.3.8
    # via datasets
    # via multiprocess
docker-pycreds==0.4.0
    # via wandb
filelock==3.15.4
    # via datasets
    # via diffusers
    # via gdown
    # via huggingface-hub
    # via torch
    # via transformers
    # via triton
fqdn==1.5.1
    # via jsonschema
frozenlist==1.4.1
    # via aiohttp
    # via aiosignal
fsspec==2024.5.0
    # via datasets
    # via huggingface-hub
    # via torch
future==1.0.0
    # via neptune
gdown==5.2.0
    # via refiners
ghp-import==2.1.0
    # via mkdocs
gitdb==4.0.11
    # via gitpython
gitpython==3.1.43
    # via neptune
    # via refiners
    # via wandb
griffe==0.48.0
    # via mkdocstrings-python
huggingface-hub==0.24.5
    # via datasets
    # via diffusers
    # via timm
    # via tokenizers
    # via transformers
idna==3.7
    # via jsonschema
    # via requests
    # via yarl
importlib-metadata==8.2.0
    # via diffusers
importlib-resources==6.4.0
    # via swagger-spec-validator
isoduration==20.11.0
    # via jsonschema
jaxtyping==0.2.33
    # via refiners
jinja2==3.1.4
    # via mkdocs
    # via mkdocs-material
    # via mkdocstrings
    # via torch
jmespath==1.0.1
    # via boto3
    # via botocore
jsonpointer==3.0.0
    # via jsonschema
jsonref==1.1.0
    # via bravado-core
jsonschema==4.23.0
    # via bravado-core
    # via swagger-spec-validator
jsonschema-specifications==2023.12.1
    # via jsonschema
loguru==0.7.2
    # via refiners
markdown==3.6
    # via mkdocs
    # via mkdocs-autorefs
    # via mkdocs-material
    # via mkdocstrings
    # via pymdown-extensions
markupsafe==2.1.5
    # via jinja2
    # via mkdocs
    # via mkdocs-autorefs
    # via mkdocstrings
mergedeep==1.3.4
    # via mkdocs
    # via mkdocs-get-deps
mkdocs==1.6.0
    # via mkdocs-autorefs
    # via mkdocs-literate-nav
    # via mkdocs-material
    # via mkdocstrings
mkdocs-autorefs==1.0.1
    # via mkdocstrings
mkdocs-get-deps==0.2.0
    # via mkdocs
mkdocs-literate-nav==0.6.1
    # via refiners
mkdocs-material==9.5.30
    # via refiners
mkdocs-material-extensions==1.3.1
    # via mkdocs-material
mkdocstrings==0.25.2
    # via mkdocstrings-python
    # via refiners
mkdocstrings-python==1.10.7
    # via mkdocstrings
monotonic==1.6
    # via bravado
mpmath==1.3.0
    # via sympy
msgpack==1.0.8
    # via bravado
    # via bravado-core
multidict==6.0.5
    # via aiohttp
    # via yarl
multiprocess==0.70.16
    # via datasets
mypy-extensions==1.0.0
    # via black
neptune==1.10.4
    # via refiners
networkx==3.3
    # via torch
numpy==2.0.1
    # via bitsandbytes
    # via datasets
    # via diffusers
    # via pandas
    # via pyarrow
    # via refiners
    # via torchvision
    # via transformers
nvidia-cublas-cu12==12.1.3.1
    # via nvidia-cudnn-cu12
    # via nvidia-cusolver-cu12
    # via torch
nvidia-cuda-cupti-cu12==12.1.105
    # via torch
nvidia-cuda-nvrtc-cu12==12.1.105
    # via torch
nvidia-cuda-runtime-cu12==12.1.105
    # via torch
nvidia-cudnn-cu12==9.1.0.70
    # via torch
nvidia-cufft-cu12==11.0.2.54
    # via torch
nvidia-curand-cu12==10.3.2.106
    # via torch
nvidia-cusolver-cu12==11.4.5.107
    # via torch
nvidia-cusparse-cu12==12.1.0.106
    # via nvidia-cusolver-cu12
    # via torch
nvidia-nccl-cu12==2.20.5
    # via torch
nvidia-nvjitlink-cu12==12.6.20
    # via nvidia-cusolver-cu12
    # via nvidia-cusparse-cu12
nvidia-nvtx-cu12==12.1.105
    # via torch
oauthlib==3.2.2
    # via neptune
    # via requests-oauthlib
packaging==24.1
    # via black
    # via datasets
    # via huggingface-hub
    # via mkdocs
    # via neptune
    # via refiners
    # via transformers
paginate==0.5.6
    # via mkdocs-material
pandas==2.2.2
    # via datasets
    # via neptune
pathspec==0.12.1
    # via black
    # via mkdocs
pillow==10.4.0
    # via diffusers
    # via neptune
    # via refiners
    # via torchvision
piq==0.8.0
    # via refiners
platformdirs==4.2.2
    # via black
    # via mkdocs-get-deps
    # via mkdocstrings
    # via wandb
prodigyopt==1.0
    # via refiners
protobuf==5.27.3
    # via wandb
psutil==6.0.0
    # via neptune
    # via wandb
pyarrow==17.0.0
    # via datasets
pyarrow-hotfix==0.6
    # via datasets
pydantic==2.8.2
    # via refiners
pydantic-core==2.20.1
    # via pydantic
pygments==2.18.0
    # via mkdocs-material
pyjwt==2.9.0
    # via neptune
pymdown-extensions==10.9
    # via mkdocs-material
    # via mkdocstrings
pysocks==1.7.1
    # via requests
python-dateutil==2.9.0.post0
    # via arrow
    # via botocore
    # via bravado
    # via bravado-core
    # via ghp-import
    # via pandas
pytz==2024.1
    # via bravado-core
    # via pandas
pyyaml==6.0.1
    # via bravado
    # via bravado-core
    # via datasets
    # via huggingface-hub
    # via mkdocs
    # via mkdocs-get-deps
    # via pymdown-extensions
    # via pyyaml-env-tag
    # via swagger-spec-validator
    # via timm
    # via transformers
    # via wandb
pyyaml-env-tag==0.1
    # via mkdocs
referencing==0.35.1
    # via jsonschema
    # via jsonschema-specifications
regex==2024.7.24
    # via diffusers
    # via mkdocs-material
    # via transformers
requests==2.32.3
    # via bravado
    # via bravado-core
    # via datasets
    # via diffusers
    # via gdown
    # via huggingface-hub
    # via mkdocs-material
    # via neptune
    # via refiners
    # via requests-oauthlib
    # via transformers
    # via wandb
requests-oauthlib==2.0.0
    # via neptune
rfc3339-validator==0.1.4
    # via jsonschema
rfc3986-validator==0.1.1
    # via jsonschema
rpds-py==0.19.1
    # via jsonschema
    # via referencing
s3transfer==0.10.2
    # via boto3
safetensors==0.4.3
    # via diffusers
    # via refiners
    # via timm
    # via transformers
segment-anything-hq==0.3
    # via refiners
segment-anything-py==1.0.1
    # via refiners
sentry-sdk==2.12.0
    # via wandb
setproctitle==1.3.3
    # via wandb
setuptools==72.1.0
    # via wandb
simplejson==3.19.2
    # via bravado
    # via bravado-core
six==1.16.0
    # via bravado
    # via bravado-core
    # via docker-pycreds
    # via neptune
    # via python-dateutil
    # via rfc3339-validator
smmap==5.0.1
    # via gitdb
soupsieve==2.6
    # via beautifulsoup4
swagger-spec-validator==3.0.4
    # via bravado-core
    # via neptune
sympy==1.13.1
    # via torch
timm==1.0.8
    # via refiners
tokenizers==0.19.1
    # via transformers
tomli==2.0.1
    # via black
    # via refiners
torch==2.4.0
    # via bitsandbytes
    # via refiners
    # via segment-anything-hq
    # via segment-anything-py
    # via timm
    # via torchvision
torchvision==0.19.0
    # via piq
    # via refiners
    # via segment-anything-hq
    # via segment-anything-py
    # via timm
tqdm==4.66.4
    # via datasets
    # via gdown
    # via huggingface-hub
    # via refiners
    # via transformers
transformers==4.43.3
    # via refiners
triton==3.0.0
    # via torch
typeguard==2.13.3
    # via jaxtyping
types-python-dateutil==2.9.0.20240316
    # via arrow
typing-extensions==4.12.2
    # via black
    # via bravado
    # via huggingface-hub
    # via neptune
    # via pydantic
    # via pydantic-core
    # via swagger-spec-validator
    # via torch
tzdata==2024.1
    # via pandas
uri-template==1.3.0
    # via jsonschema
urllib3==2.2.2
    # via botocore
    # via neptune
    # via requests
    # via sentry-sdk
wandb==0.17.5
    # via refiners
watchdog==4.0.1
    # via mkdocs
webcolors==24.6.0
    # via jsonschema
websocket-client==1.8.0
    # via neptune
xxhash==3.4.1
    # via datasets
yarl==1.9.4
    # via aiohttp
zipp==3.19.2
    # via importlib-metadata
